{
  "lockfile_version": "1",
  "packages": {
    "nodePackages.prettier@3.0.3": {
      "last_modified": "2023-10-25T20:49:13Z",
      "resolved": "github:NixOS/nixpkgs/75a52265bda7fd25e06e3a67dee3f0354e73243c#nodePackages.prettier",
      "source": "devbox-search",
      "version": "3.0.3",
      "systems": {
        "aarch64-darwin": {
          "store_path": "/nix/store/29z1sm6mp1y12azji6acgqffb7b67fs5-prettier-3.0.3"
        },
        "aarch64-linux": {
          "store_path": "/nix/store/vqbbcqjk15cg95cc7vdlqc20b8rzxzqc-prettier-3.0.3"
        },
        "x86_64-darwin": {
          "store_path": "/nix/store/iqkm39vwf27lchin87q32w4q1ck0720j-prettier-3.0.3"
        },
        "x86_64-linux": {
          "store_path": "/nix/store/ccr8yabhhhv61pswbvl6b9nm4ynvxnna-prettier-3.0.3"
        }
      }
    },
    "parallel@20220322": {
      "last_modified": "2023-01-17T09:21:52Z",
      "resolved": "github:NixOS/nixpkgs/2d38b664b4400335086a713a0036aafaa002c003#parallel",
      "source": "devbox-search",
      "version": "20220322",
      "systems": {
        "aarch64-darwin": {
          "store_path": "/nix/store/5s1qk8xrhplzikk6gr7j4g9mq3qfij0s-parallel-20220322"
        },
        "aarch64-linux": {
          "store_path": "/nix/store/r38xw80y5c0fs0zgcnk4w1v0fzy3jpf7-parallel-20220322"
        },
        "x86_64-darwin": {
          "store_path": "/nix/store/f1xhv011lrvj9b9afjvmc1fl2hlliyqc-parallel-20220322"
        },
        "x86_64-linux": {
          "store_path": "/nix/store/x7h22gkgsiys3q4vai6l0i94njrls4kk-parallel-20220322"
        }
      }
    },
    "rtx@2023.11.2": {
      "last_modified": "2023-11-17T14:14:56Z",
      "resolved": "github:NixOS/nixpkgs/a71323f68d4377d12c04a5410e214495ec598d4c#rtx",
      "source": "devbox-search",
      "version": "2023.11.2",
      "systems": {
        "aarch64-darwin": {
          "store_path": "/nix/store/hf6gxc35skqbn5jmc9l6aavp68dlwsmw-rtx-2023.11.2"
        },
        "aarch64-linux": {
          "store_path": "/nix/store/1zg4syf0ikmw7frcf2y8kdy9l8rh3m7r-rtx-2023.11.2"
        },
        "x86_64-darwin": {
          "store_path": "/nix/store/w5381rr0by7xxj61yvb8y3qz0fc585cj-rtx-2023.11.2"
        },
        "x86_64-linux": {
          "store_path": "/nix/store/q2qjv1cgw0x82iq3qk7v2l9nhs53vlv1-rtx-2023.11.2"
        }
      }
    },
    "shellharden@4.1.2": {
      "last_modified": "2021-11-02T07:46:27Z",
      "resolved": "github:NixOS/nixpkgs/481afad2658993463d390b184e259d73fcd374ea#shellharden",
      "source": "devbox-search",
      "version": "4.1.2",
      "systems": {
        "aarch64-darwin": {
          "store_path": "/nix/store/ard9hs1v3iya0q03ls4ak1b3jlzigjsc-shellharden-4.1.2"
        },
        "x86_64-darwin": {
          "store_path": "/nix/store/dy1kwi34jiar34zcjrmjmz4h0cw6d8q3-shellharden-4.1.2"
        },
        "x86_64-linux": {
          "store_path": "/nix/store/flz5hicn47g19vpdy759lwyy6fbfk4iq-shellharden-4.1.2"
        }
      }
    },
    "taplo@0.8.0": {
      "last_modified": "2023-06-27T08:49:46Z",
      "resolved": "github:NixOS/nixpkgs/b38e95ea6c15b9ce098556f410d715b262fa386a#taplo",
      "source": "devbox-search",
      "version": "0.8.0",
      "systems": {
        "aarch64-darwin": {
          "store_path": "/nix/store/bpzjqjr2b682nqy1h1pq56gmhzc4awqg-taplo-0.8.0"
        },
        "aarch64-linux": {
          "store_path": "/nix/store/xggkzksw9msbsf9jsnwx97gr7pm5h3qk-taplo-0.8.0"
        },
        "x86_64-darwin": {
          "store_path": "/nix/store/9jvidadcwb61vgd9c64r5z4aj385m58b-taplo-0.8.0"
        },
        "x86_64-linux": {
          "store_path": "/nix/store/lsvkxmc3bqg9p6xfndqp8w58g3p4c1r6-taplo-0.8.0"
        }
      }
    }
  }
}
