{
  "lockfile_version": "1",
  "packages": {
    "mise@2025.12.12": {
      "last_modified": "2026-01-02T14:39:32Z",
      "resolved": "github:NixOS/nixpkgs/16c7794d0a28b5a37904d55bcca36003b9109aaa#mise",
      "source": "devbox-search",
      "version": "2025.12.12",
      "systems": {
        "aarch64-darwin": {
          "outputs": [
            {
              "name": "out",
              "path": "/nix/store/ca509gghsyq7zryk44vd01p7qjbr67a9-mise-2025.12.12",
              "default": true
            }
          ],
          "store_path": "/nix/store/ca509gghsyq7zryk44vd01p7qjbr67a9-mise-2025.12.12"
        },
        "aarch64-linux": {
          "outputs": [
            {
              "name": "out",
              "path": "/nix/store/9ypaalgilysj8447vk9mpcw8likqrk29-mise-2025.12.12",
              "default": true
            }
          ],
          "store_path": "/nix/store/9ypaalgilysj8447vk9mpcw8likqrk29-mise-2025.12.12"
        },
        "x86_64-darwin": {
          "outputs": [
            {
              "name": "out",
              "path": "/nix/store/qsb8f3z1lkbjnq2jz2il8pcgm88dj1vl-mise-2025.12.12",
              "default": true
            }
          ],
          "store_path": "/nix/store/qsb8f3z1lkbjnq2jz2il8pcgm88dj1vl-mise-2025.12.12"
        },
        "x86_64-linux": {
          "outputs": [
            {
              "name": "out",
              "path": "/nix/store/36m8yr1p5jgijxd9hs4s838azdl8pb8v-mise-2025.12.12",
              "default": true
            }
          ],
          "store_path": "/nix/store/36m8yr1p5jgijxd9hs4s838azdl8pb8v-mise-2025.12.12"
        }
      }
    },
    "nodePackages.prettier@3.5.3": {
      "last_modified": "2025-05-21T18:43:04Z",
      "resolved": "github:NixOS/nixpkgs/8c441601c43232976179eac52dde704c8bdf81ed#nodePackages.prettier",
      "source": "devbox-search",
      "version": "3.5.3",
      "systems": {
        "aarch64-darwin": {
          "outputs": [
            {
              "name": "out",
              "path": "/nix/store/yspchsd3ww1ddz2r5783kw8y9j0vr3r8-prettier-3.5.3",
              "default": true
            }
          ],
          "store_path": "/nix/store/yspchsd3ww1ddz2r5783kw8y9j0vr3r8-prettier-3.5.3"
        },
        "aarch64-linux": {
          "outputs": [
            {
              "name": "out",
              "path": "/nix/store/ya3imag4wkxj3g5fws96rzyzv36m74w8-prettier-3.5.3",
              "default": true
            }
          ],
          "store_path": "/nix/store/ya3imag4wkxj3g5fws96rzyzv36m74w8-prettier-3.5.3"
        },
        "x86_64-darwin": {
          "outputs": [
            {
              "name": "out",
              "path": "/nix/store/f9q2y20qa56hjzxnia0q664m0rkwwqvm-prettier-3.5.3",
              "default": true
            }
          ],
          "store_path": "/nix/store/f9q2y20qa56hjzxnia0q664m0rkwwqvm-prettier-3.5.3"
        },
        "x86_64-linux": {
          "outputs": [
            {
              "name": "out",
              "path": "/nix/store/wry9vlk19pk7izrknb980icc8gihzllx-prettier-3.5.3",
              "default": true
            }
          ],
          "store_path": "/nix/store/wry9vlk19pk7izrknb980icc8gihzllx-prettier-3.5.3"
        }
      }
    },
    "parallel@20220322": {
      "last_modified": "2023-01-17T09:21:52Z",
      "resolved": "github:NixOS/nixpkgs/2d38b664b4400335086a713a0036aafaa002c003#parallel",
      "source": "devbox-search",
      "version": "20220322",
      "systems": {
        "aarch64-darwin": {
          "store_path": "/nix/store/5s1qk8xrhplzikk6gr7j4g9mq3qfij0s-parallel-20220322"
        },
        "aarch64-linux": {
          "store_path": "/nix/store/r38xw80y5c0fs0zgcnk4w1v0fzy3jpf7-parallel-20220322"
        },
        "x86_64-darwin": {
          "store_path": "/nix/store/f1xhv011lrvj9b9afjvmc1fl2hlliyqc-parallel-20220322"
        },
        "x86_64-linux": {
          "store_path": "/nix/store/x7h22gkgsiys3q4vai6l0i94njrls4kk-parallel-20220322"
        }
      }
    },
    "shellharden@4.3.2": {
      "last_modified": "2026-08-27T07:16:00Z",
      "resolved": "github:NixOS/nixpkgs/c27cdad491a991b11ed731760aa2ef8db0cb0410#shellharden",
      "source": "devbox-search",
      "version": "4.3.2",
      "systems": {
        "aarch64-darwin": {
          "outputs": [
            {
              "name": "out",
              "path": "/nix/store/8jq1i1n3h9n119riblda4mll86xzkzl7-shellharden-4.3.2",
              "default": true
            }
          ],
          "store_path": "/nix/store/8jq1i1n3h9n119riblda4mll86xzkzl7-shellharden-4.3.2"
        },
        "aarch64-linux": {
          "outputs": [
            {
              "name": "out",
              "path": "/nix/store/fnk8l1m98c0967m7zvqa6fwl0ii2888g-shellharden-4.3.2",
              "default": true
            }
          ],
          "store_path": "/nix/store/fnk8l1m98c0967m7zvqa6fwl0ii2888g-shellharden-4.3.2"
        },
        "x86_64-linux": {
          "outputs": [
            {
              "name": "out",
              "path": "/nix/store/mkz29x0yv9apag86k5y6xs8vy953jnz8-shellharden-4.3.2",
              "default": true
            }
          ],
          "store_path": "/nix/store/mkz29x0yv9apag86k5y6xs8vy953jnz8-shellharden-4.3.2"
        }
      }
    },
    "taplo@0.10.0": {
      "last_modified": "2026-08-27T07:16:00Z",
      "resolved": "github:NixOS/nixpkgs/c27cdad491a991b11ed731760aa2ef8db0cb0410#taplo",
      "source": "devbox-search",
      "version": "0.10.0",
      "systems": {
        "aarch64-darwin": {
          "outputs": [
            {
              "name": "out",
              "path": "/nix/store/gp3pi1zrjcaa5vn2dw75vgl5hlq1v1d4-taplo-0.10.0",
              "default": true
            }
          ],
          "store_path": "/nix/store/gp3pi1zrjcaa5vn2dw75vgl5hlq1v1d4-taplo-0.10.0"
        },
        "aarch64-linux": {
          "outputs": [
            {
              "name": "out",
              "path": "/nix/store/b6l7kdqz5p4ypbargr6n46pfsrm9y5y2-taplo-0.10.0",
              "default": true
            }
          ],
          "store_path": "/nix/store/b6l7kdqz5p4ypbargr6n46pfsrm9y5y2-taplo-0.10.0"
        },
        "x86_64-darwin": {
          "outputs": [
            {
              "name": "out",
              "path": "/nix/store/v9acccjk7yxs9404lf5j0zafl007314q-taplo-0.10.0",
              "default": true
            }
          ],
          "store_path": "/nix/store/v9acccjk7yxs9404lf5j0zafl007314q-taplo-0.10.0"
        },
        "x86_64-linux": {
          "outputs": [
            {
              "name": "out",
              "path": "/nix/store/ankybs123lpwdvl5nv7j9qnpgxlmif9v-taplo-0.10.0",
              "default": true
            }
          ],
          "store_path": "/nix/store/ankybs123lpwdvl5nv7j9qnpgxlmif9v-taplo-0.10.0"
        }
      }
    },
    "yamllint@1.37.1": {
      "last_modified": "2026-08-27T07:16:00Z",
      "resolved": "github:NixOS/nixpkgs/c27cdad491a991b11ed731760aa2ef8db0cb0410#yamllint",
      "source": "devbox-search",
      "version": "1.37.1",
      "systems": {
        "aarch64-darwin": {
          "outputs": [
            {
              "name": "out",
              "path": "/nix/store/f36awlm0ddvvvhb0sc17866fwqc22nzs-python3.14-yamllint-1.37.1",
              "default": true
            },
            {
              "name": "dist",
              "path": "/nix/store/irbfvpps45945xnwvx56gwhg9r415ziq-python3.14-yamllint-1.37.1-dist"
            }
          ],
          "store_path": "/nix/store/f36awlm0ddvvvhb0sc17866fwqc22nzs-python3.14-yamllint-1.37.1"
        },
        "aarch64-linux": {
          "outputs": [
            {
              "name": "out",
              "path": "/nix/store/pf4f0ckn1kmlzys4xx02i0khr3piwby4-python3.14-yamllint-1.37.1",
              "default": true
            },
            {
              "name": "dist",
              "path": "/nix/store/vwcv00y1sxx2v81cydsxx0jqk71y8jng-python3.14-yamllint-1.37.1-dist"
            }
          ],
          "store_path": "/nix/store/pf4f0ckn1kmlzys4xx02i0khr3piwby4-python3.14-yamllint-1.37.1"
        },
        "x86_64-darwin": {
          "outputs": [
            {
              "name": "out",
              "path": "/nix/store/bif9hvk42ynby7sdw88lax0j51kzlr2n-python3.13-yamllint-1.37.1",
              "default": true
            },
            {
              "name": "dist",
              "path": "/nix/store/qa1dq7xly19afgn165nf6572b3q61w1s-python3.13-yamllint-1.37.1-dist"
            }
          ],
          "store_path": "/nix/store/bif9hvk42ynby7sdw88lax0j51kzlr2n-python3.13-yamllint-1.37.1"
        },
        "x86_64-linux": {
          "outputs": [
            {
              "name": "out",
              "path": "/nix/store/jbhfmxfgpmnzf2b32i8cdiwlzir6nxw8-python3.14-yamllint-1.37.1",
              "default": true
            },
            {
              "name": "dist",
              "path": "/nix/store/734n3rgcg22kxg3vvjrsznh155y5nk3g-python3.14-yamllint-1.37.1-dist"
            }
          ],
          "store_path": "/nix/store/jbhfmxfgpmnzf2b32i8cdiwlzir6nxw8-python3.14-yamllint-1.37.1"
        }
      }
    }
  }
}
